{
  "name": "@zvonokcom/audioplayer.js",
  "version": "1.0.0",
  "lockfileVersion": 2,
  "requires": true,
  "packages": {
    "": {
      "name": "@zvonokcom/audioplayer.js",
      "version": "1.0.0",
      "dependencies": {
        "wavesurfer.js": "git+https://github.com/katspaugh/wavesurfer.js.git#e4d17d260c2090432d6892d04eca153f80374a7c"
      },
      "devDependencies": {}
    },
    "node_modules/wavesurfer.js": {
      "version": "5.2.0",
      "resolved": "git+ssh://git@github.com/katspaugh/wavesurfer.js.git#e4d17d260c2090432d6892d04eca153f80374a7c",
      "integrity": "sha512-Yt2RPTYK/TObes9a2B4sddLO2hI0QFdIiep55jpV3BkoUM3QGpO8MlELZE6IcsAZR3jdc805wluQO5fMbNvQTQ==",
      "license": "BSD-3-Clause"
    }
  },
  "dependencies": {
    "wavesurfer.js": {
      "version": "git+ssh://git@github.com/katspaugh/wavesurfer.js.git#e4d17d260c2090432d6892d04eca153f80374a7c",
      "integrity": "sha512-Yt2RPTYK/TObes9a2B4sddLO2hI0QFdIiep55jpV3BkoUM3QGpO8MlELZE6IcsAZR3jdc805wluQO5fMbNvQTQ==",
      "from": "wavesurfer.js@git+https://github.com/katspaugh/wavesurfer.js.git#e4d17d260c2090432d6892d04eca153f80374a7c"
    }
  }
}
